
Microsoft Visual Studio Solution File, Format Version 12.00
# Visual Studio Version 16
VisualStudioVersion = 16.0.30717.126
MinimumVisualStudioVersion = 10.0.40219.1
Project("{FAE04EC0-301F-11D3-BF4B-00C04F79EFBC}") = "TinyMVVM", "TinyMVVM\TinyMVVM.csproj", "{9077F803-47EA-45F1-8ADA-3AA0358089D2}"
EndProject
Project("{FAE04EC0-301F-11D3-BF4B-00C04F79EFBC}") = "TinyMVVM.Test", "TinyMVVM.Test\TinyMVVM.Test.csproj", "{CA7B132F-2835-4E05-A4BD-D3648490D4BB}"
EndProject
Global
	GlobalSection(SolutionConfigurationPlatforms) = preSolution
		Debug|Any CPU = Debug|Any CPU
		Release|Any CPU = Release|Any CPU
	EndGlobalSection
	GlobalSection(ProjectConfigurationPlatforms) = postSolution
		{9077F803-47EA-45F1-8ADA-3AA0358089D2}.Debug|Any CPU.ActiveCfg = Debug|Any CPU
		{9077F803-47EA-45F1-8ADA-3AA0358089D2}.Debug|Any CPU.Build.0 = Debug|Any CPU
		{9077F803-47EA-45F1-8ADA-3AA0358089D2}.Release|Any CPU.ActiveCfg = Release|Any CPU
		{9077F803-47EA-45F1-8ADA-3AA0358089D2}.Release|Any CPU.Build.0 = Release|Any CPU
		{CA7B132F-2835-4E05-A4BD-D3648490D4BB}.Debug|Any CPU.ActiveCfg = Debug|Any CPU
		{CA7B132F-2835-4E05-A4BD-D3648490D4BB}.Debug|Any CPU.Build.0 = Debug|Any CPU
		{CA7B132F-2835-4E05-A4BD-D3648490D4BB}.Release|Any CPU.ActiveCfg = Release|Any CPU
		{CA7B132F-2835-4E05-A4BD-D3648490D4BB}.Release|Any CPU.Build.0 = Release|Any CPU
	EndGlobalSection
	GlobalSection(SolutionProperties) = preSolution
		HideSolutionNode = FALSE
	EndGlobalSection
	GlobalSection(ExtensibilityGlobals) = postSolution
		SolutionGuid = {572A7D0A-6C7E-4700-9498-618EF8F0417E}
	EndGlobalSection
EndGlobal
